// !$*UTF8*$!
{
	archiveVersion = 1;
	classes = {
	};
	objectVersion = 50;
	objects = {

/* Begin PBXBuildFile section */
		439B83BD22B12079008FF7B4 /* AppDelegate.swift in Sources */ = {isa = PBXBuildFile; fileRef = 439B83BC22B12079008FF7B4 /* AppDelegate.swift */; };
		439B83BF22B12079008FF7B4 /* MasterViewController.swift in Sources */ = {isa = PBXBuildFile; fileRef = 439B83BE22B12079008FF7B4 /* MasterViewController.swift */; };
		439B83C122B12079008FF7B4 /* DetailViewController.swift in Sources */ = {isa = PBXBuildFile; fileRef = 439B83C022B12079008FF7B4 /* DetailViewController.swift */; };
		439B83C422B12079008FF7B4 /* Main.storyboard in Resources */ = {isa = PBXBuildFile; fileRef = 439B83C222B12079008FF7B4 /* Main.storyboard */; };
		439B83C622B1207B008FF7B4 /* Assets.xcassets in Resources */ = {isa = PBXBuildFile; fileRef = 439B83C522B1207B008FF7B4 /* Assets.xcassets */; };
		439B83C922B1207B008FF7B4 /* LaunchScreen.storyboard in Resources */ = {isa = PBXBuildFile; fileRef = 439B83C722B1207B008FF7B4 /* LaunchScreen.storyboard */; };
		439B83D422B1207B008FF7B4 /* eTests.swift in Sources */ = {isa = PBXBuildFile; fileRef = 439B83D322B1207B008FF7B4 /* eTests.swift */; };
		439B83DF22B1207B008FF7B4 /* eUITests.swift in Sources */ = {isa = PBXBuildFile; fileRef = 439B83DE22B1207B008FF7B4 /* eUITests.swift */; };
/* End PBXBuildFile section */

/* Begin PBXContainerItemProxy section */
		439B83D022B1207B008FF7B4 /* PBXContainerItemProxy */ = {
			isa = PBXContainerItemProxy;
			containerPortal = 439B83B122B12079008FF7B4 /* Project object */;
			proxyType = 1;
			remoteGlobalIDString = 439B83B822B12079008FF7B4;
			remoteInfo = e;
		};
		439B83DB22B1207B008FF7B4 /* PBXContainerItemProxy */ = {
			isa = PBXContainerItemProxy;
			containerPortal = 439B83B122B12079008FF7B4 /* Project object */;
			proxyType = 1;
			remoteGlobalIDString = 439B83B822B12079008FF7B4;
			remoteInfo = e;
		};
/* End PBXContainerItemProxy section */

/* Begin PBXFileReference section */
		439B83B922B12079008FF7B4 /* e.app */ = {isa = PBXFileReference; explicitFileType = wrapper.application; includeInIndex = 0; path = e.app; sourceTree = BUILT_PRODUCTS_DIR; };
		439B83BC22B12079008FF7B4 /* AppDelegate.swift */ = {isa = PBXFileReference; lastKnownFileType = sourcecode.swift; path = AppDelegate.swift; sourceTree = "<group>"; };
		439B83BE22B12079008FF7B4 /* MasterViewController.swift */ = {isa = PBXFileReference; lastKnownFileType = sourcecode.swift; path = MasterViewController.swift; sourceTree = "<group>"; };
		439B83C022B12079008FF7B4 /* DetailViewController.swift */ = {isa = PBXFileReference; lastKnownFileType = sourcecode.swift; path = DetailViewController.swift; sourceTree = "<group>"; };
		439B83C322B12079008FF7B4 /* Base */ = {isa = PBXFileReference; lastKnownFileType = file.storyboard; name = Base; path = Base.lproj/Main.storyboard; sourceTree = "<group>"; };
		439B83C522B1207B008FF7B4 /* Assets.xcassets */ = {isa = PBXFileReference; lastKnownFileType = folder.assetcatalog; path = Assets.xcassets; sourceTree = "<group>"; };
		439B83C822B1207B008FF7B4 /* Base */ = {isa = PBXFileReference; lastKnownFileType = file.storyboard; name = Base; path = Base.lproj/LaunchScreen.storyboard; sourceTree = "<group>"; };
		439B83CA22B1207B008FF7B4 /* Info.plist */ = {isa = PBXFileReference; lastKnownFileType = text.plist.xml; path = Info.plist; sourceTree = "<group>"; };
		439B83CF22B1207B008FF7B4 /* eTests.xctest */ = {isa = PBXFileReference; explicitFileType = wrapper.cfbundle; includeInIndex = 0; path = eTests.xctest; sourceTree = BUILT_PRODUCTS_DIR; };
		439B83D322B1207B008FF7B4 /* eTests.swift */ = {isa = PBXFileReference; lastKnownFileType = sourcecode.swift; path = eTests.swift; sourceTree = "<group>"; };
		439B83D522B1207B008FF7B4 /* Info.plist */ = {isa = PBXFileReference; lastKnownFileType = text.plist.xml; path = Info.plist; sourceTree = "<group>"; };
		439B83DA22B1207B008FF7B4 /* eUITests.xctest */ = {isa = PBXFileReference; explicitFileType = wrapper.cfbundle; includeInIndex = 0; path = eUITests.xctest; sourceTree = BUILT_PRODUCTS_DIR; };
		439B83DE22B1207B008FF7B4 /* eUITests.swift */ = {isa = PBXFileReference; lastKnownFileType = sourcecode.swift; path = eUITests.swift; sourceTree = "<group>"; };
		439B83E022B1207B008FF7B4 /* Info.plist */ = {isa = PBXFileReference; lastKnownFileType = text.plist.xml; path = Info.plist; sourceTree = "<group>"; };
/* End PBXFileReference section */

/* Begin PBXFrameworksBuildPhase section */
		439B83B622B12079008FF7B4 /* Frameworks */ = {
			isa = PBXFrameworksBuildPhase;
			buildActionMask = 2147483647;
			files = (
			);
			runOnlyForDeploymentPostprocessing = 0;
		};
		439B83CC22B1207B008FF7B4 /* Frameworks */ = {
			isa = PBXFrameworksBuildPhase;
			buildActionMask = 2147483647;
			files = (
			);
			runOnlyForDeploymentPostprocessing = 0;
		};
		439B83D722B1207B008FF7B4 /* Frameworks */ = {
			isa = PBXFrameworksBuildPhase;
			buildActionMask = 2147483647;
			files = (
			);
			runOnlyForDeploymentPostprocessing = 0;
		};
/* End PBXFrameworksBuildPhase section */

/* Begin PBXGroup section */
		439B83B022B12079008FF7B4 = {
			isa = PBXGroup;
			children = (
				439B83BB22B12079008FF7B4 /* e */,
				439B83D222B1207B008FF7B4 /* eTests */,
				439B83DD22B1207B008FF7B4 /* eUITests */,
				439B83BA22B12079008FF7B4 /* Products */,
			);
			sourceTree = "<group>";
		};
		439B83BA22B12079008FF7B4 /* Products */ = {
			isa = PBXGroup;
			children = (
				439B83B922B12079008FF7B4 /* e.app */,
				439B83CF22B1207B008FF7B4 /* eTests.xctest */,
				439B83DA22B1207B008FF7B4 /* eUITests.xctest */,
			);
			name = Products;
			sourceTree = "<group>";
		};
		439B83BB22B12079008FF7B4 /* e */ = {
			isa = PBXGroup;
			children = (
				439B83BC22B12079008FF7B4 /* AppDelegate.swift */,
				439B83BE22B12079008FF7B4 /* MasterViewController.swift */,
				439B83C022B12079008FF7B4 /* DetailViewController.swift */,
				439B83C222B12079008FF7B4 /* Main.storyboard */,
				439B83C522B1207B008FF7B4 /* Assets.xcassets */,
				439B83C722B1207B008FF7B4 /* LaunchScreen.storyboard */,
				439B83CA22B1207B008FF7B4 /* Info.plist */,
			);
			path = e;
			sourceTree = "<group>";
		};
		439B83D222B1207B008FF7B4 /* eTests */ = {
			isa = PBXGroup;
			children = (
				439B83D322B1207B008FF7B4 /* eTests.swift */,
				439B83D522B1207B008FF7B4 /* Info.plist */,
			);
			path = eTests;
			sourceTree = "<group>";
		};
		439B83DD22B1207B008FF7B4 /* eUITests */ = {
			isa = PBXGroup;
			children = (
				439B83DE22B1207B008FF7B4 /* eUITests.swift */,
				439B83E022B1207B008FF7B4 /* Info.plist */,
			);
			path = eUITests;
			sourceTree = "<group>";
		};
/* End PBXGroup section */

/* Begin PBXNativeTarget section */
		439B83B822B12079008FF7B4 /* e */ = {
			isa = PBXNativeTarget;
			buildConfigurationList = 439B83E322B1207B008FF7B4 /* Build configuration list for PBXNativeTarget "e" */;
			buildPhases = (
				439B83B522B12079008FF7B4 /* Sources */,
				439B83B622B12079008FF7B4 /* Frameworks */,
				439B83B722B12079008FF7B4 /* Resources */,
			);
			buildRules = (
			);
			dependencies = (
			);
			name = e;
			productName = e;
			productReference = 439B83B922B12079008FF7B4 /* e.app */;
			productType = "com.apple.product-type.application";
		};
		439B83CE22B1207B008FF7B4 /* eTests */ = {
			isa = PBXNativeTarget;
			buildConfigurationList = 439B83E622B1207B008FF7B4 /* Build configuration list for PBXNativeTarget "eTests" */;
			buildPhases = (
				439B83CB22B1207B008FF7B4 /* Sources */,
				439B83CC22B1207B008FF7B4 /* Frameworks */,
				439B83CD22B1207B008FF7B4 /* Resources */,
			);
			buildRules = (
			);
			dependencies = (
				439B83D122B1207B008FF7B4 /* PBXTargetDependency */,
			);
			name = eTests;
			productName = eTests;
			productReference = 439B83CF22B1207B008FF7B4 /* eTests.xctest */;
			productType = "com.apple.product-type.bundle.unit-test";
		};
		439B83D922B1207B008FF7B4 /* eUITests */ = {
			isa = PBXNativeTarget;
			buildConfigurationList = 439B83E922B1207B008FF7B4 /* Build configuration list for PBXNativeTarget "eUITests" */;
			buildPhases = (
				439B83D622B1207B008FF7B4 /* Sources */,
				439B83D722B1207B008FF7B4 /* Frameworks */,
				439B83D822B1207B008FF7B4 /* Resources */,
			);
			buildRules = (
			);
			dependencies = (
				439B83DC22B1207B008FF7B4 /* PBXTargetDependency */,
			);
			name = eUITests;
			productName = eUITests;
			productReference = 439B83DA22B1207B008FF7B4 /* eUITests.xctest */;
			productType = "com.apple.product-type.bundle.ui-testing";
		};
/* End PBXNativeTarget section */

/* Begin PBXProject section */
		439B83B122B12079008FF7B4 /* Project object */ = {
			isa = PBXProject;
			attributes = {
				LastSwiftUpdateCheck = 1010;
				LastUpgradeCheck = 1010;
				ORGANIZATIONNAME = s20181105879;
				TargetAttributes = {
					439B83B822B12079008FF7B4 = {
						CreatedOnToolsVersion = 10.1;
					};
					439B83CE22B1207B008FF7B4 = {
						CreatedOnToolsVersion = 10.1;
						TestTargetID = 439B83B822B12079008FF7B4;
					};
					439B83D922B1207B008FF7B4 = {
						CreatedOnToolsVersion = 10.1;
						TestTargetID = 439B83B822B12079008FF7B4;
					};
				};
			};
			buildConfigurationList = 439B83B422B12079008FF7B4 /* Build configuration list for PBXProject "e" */;
			compatibilityVersion = "Xcode 9.3";
			developmentRegion = en;
			hasScannedForEncodings = 0;
			knownRegions = (
				en,
				Base,
			);
			mainGroup = 439B83B022B12079008FF7B4;
			productRefGroup = 439B83BA22B12079008FF7B4 /* Products */;
			projectDirPath = "";
			projectRoot = "";
			targets = (
				439B83B822B12079008FF7B4 /* e */,
				439B83CE22B1207B008FF7B4 /* eTests */,
				439B83D922B1207B008FF7B4 /* eUITests */,
			);
		};
/* End PBXProject section */

/* Begin PBXResourcesBuildPhase section */
		439B83B722B12079008FF7B4 /* Resources */ = {
			isa = PBXResourcesBuildPhase;
			buildActionMask = 2147483647;
			files = (
				439B83C922B1207B008FF7B4 /* LaunchScreen.storyboard in Resources */,
				439B83C622B1207B008FF7B4 /* Assets.xcassets in Resources */,
				439B83C422B12079008FF7B4 /* Main.storyboard in Resources */,
			);
			runOnlyForDeploymentPostprocessing = 0;
		};
		439B83CD22B1207B008FF7B4 /* Resources */ = {
			isa = PBXResourcesBuildPhase;
			buildActionMask = 2147483647;
			files = (
			);
			runOnlyForDeploymentPostprocessing = 0;
		};
		439B83D822B1207B008FF7B4 /* Resources */ = {
			isa = PBXResourcesBuildPhase;
			buildActionMask = 2147483647;
			files = (
			);
			runOnlyForDeploymentPostprocessing = 0;
		};
/* End PBXResourcesBuildPhase section */

/* Begin PBXSourcesBuildPhase section */
		439B83B522B12079008FF7B4 /* Sources */ = {
			isa = PBXSourcesBuildPhase;
			buildActionMask = 2147483647;
			files = (
				439B83C122B12079008FF7B4 /* DetailViewController.swift in Sources */,
				439B83BF22B12079008FF7B4 /* MasterViewController.swift in Sources */,
				439B83BD22B12079008FF7B4 /* AppDelegate.swift in Sources */,
			);
			runOnlyForDeploymentPostprocessing = 0;
		};
		439B83CB22B1207B008FF7B4 /* Sources */ = {
			isa = PBXSourcesBuildPhase;
			buildActionMask = 2147483647;
			files = (
				439B83D422B1207B008FF7B4 /* eTests.swift in Sources */,
			);
			runOnlyForDeploymentPostprocessing = 0;
		};
		439B83D622B1207B008FF7B4 /* Sources */ = {
			isa = PBXSourcesBuildPhase;
			buildActionMask = 2147483647;
			files = (
				439B83DF22B1207B008FF7B4 /* eUITests.swift in Sources */,
			);
			runOnlyForDeploymentPostprocessing = 0;
		};
/* End PBXSourcesBuildPhase section */

/* Begin PBXTargetDependency section */
		439B83D122B1207B008FF7B4 /* PBXTargetDependency */ = {
			isa = PBXTargetDependency;
			target = 439B83B822B12079008FF7B4 /* e */;
			targetProxy = 439B83D022B1207B008FF7B4 /* PBXContainerItemProxy */;
		};
		439B83DC22B1207B008FF7B4 /* PBXTargetDependency */ = {
			isa = PBXTargetDependency;
			target = 439B83B822B12079008FF7B4 /* e */;
			targetProxy = 439B83DB22B1207B008FF7B4 /* PBXContainerItemProxy */;
		};
/* End PBXTargetDependency section */

/* Begin PBXVariantGroup section */
		439B83C222B12079008FF7B4 /* Main.storyboard */ = {
			isa = PBXVariantGroup;
			children = (
				439B83C322B12079008FF7B4 /* Base */,
			);
			name = Main.storyboard;
			sourceTree = "<group>";
		};
		439B83C722B1207B008FF7B4 /* LaunchScreen.storyboard */ = {
			isa = PBXVariantGroup;
			children = (
				439B83C822B1207B008FF7B4 /* Base */,
			);
			name = LaunchScreen.storyboard;
			sourceTree = "<group>";
		};
/* End PBXVariantGroup section */

/* Begin XCBuildConfiguration section */
		439B83E122B1207B008FF7B4 /* Debug */ = {
			isa = XCBuildConfiguration;
			buildSettings = {
				ALWAYS_SEARCH_USER_PATHS = NO;
				CLANG_ANALYZER_NONNULL = YES;
				CLANG_ANALYZER_NUMBER_OBJECT_CONVERSION = YES_AGGRESSIVE;
				CLANG_CXX_LANGUAGE_STANDARD = "gnu++14";
				CLANG_CXX_LIBRARY = "libc++";
				CLANG_ENABLE_MODULES = YES;
				CLANG_ENABLE_OBJC_ARC = YES;
				CLANG_ENABLE_OBJC_WEAK = YES;
				CLANG_WARN_BLOCK_CAPTURE_AUTORELEASING = YES;
				CLANG_WARN_BOOL_CONVERSION = YES;
				CLANG_WARN_COMMA = YES;
				CLANG_WARN_CONSTANT_CONVERSION = YES;
				CLANG_WARN_DEPRECATED_OBJC_IMPLEMENTATIONS = YES;
				CLANG_WARN_DIRECT_OBJC_ISA_USAGE = YES_ERROR;
				CLANG_WARN_DOCUMENTATION_COMMENTS = YES;
				CLANG_WARN_EMPTY_BODY = YES;
				CLANG_WARN_ENUM_CONVERSION = YES;
				CLANG_WARN_INFINITE_RECURSION = YES;
				CLANG_WARN_INT_CONVERSION = YES;
				CLANG_WARN_NON_LITERAL_NULL_CONVERSION = YES;
				CLANG_WARN_OBJC_IMPLICIT_RETAIN_SELF = YES;
				CLANG_WARN_OBJC_LITERAL_CONVERSION = YES;
				CLANG_WARN_OBJC_ROOT_CLASS = YES_ERROR;
				CLANG_WARN_RANGE_LOOP_ANALYSIS = YES;
				CLANG_WARN_STRICT_PROTOTYPES = YES;
				CLANG_WARN_SUSPICIOUS_MOVE = YES;
				CLANG_WARN_UNGUARDED_AVAILABILITY = YES_AGGRESSIVE;
				CLANG_WARN_UNREACHABLE_CODE = YES;
				CLANG_WARN__DUPLICATE_METHOD_MATCH = YES;
				CODE_SIGN_IDENTITY = "iPhone Developer";
				COPY_PHASE_STRIP = NO;
				DEBUG_INFORMATION_FORMAT = dwarf;
				ENABLE_STRICT_OBJC_MSGSEND = YES;
				ENABLE_TESTABILITY = YES;
				GCC_C_LANGUAGE_STANDARD = gnu11;
				GCC_DYNAMIC_NO_PIC = NO;
				GCC_NO_COMMON_BLOCKS = YES;
				GCC_OPTIMIZATION_LEVEL = 0;
				GCC_PREPROCESSOR_DEFINITIONS = (
					"DEBUG=1",
					"$(inherited)",
				);
				GCC_WARN_64_TO_32_BIT_CONVERSION = YES;
				GCC_WARN_ABOUT_RETURN_TYPE = YES_ERROR;
				GCC_WARN_UNDECLARED_SELECTOR = YES;
				GCC_WARN_UNINITIALIZED_AUTOS = YES_AGGRESSIVE;
				GCC_WARN_UNUSED_FUNCTION = YES;
				GCC_WARN_UNUSED_VARIABLE = YES;
				IPHONEOS_DEPLOYMENT_TARGET = 12.1;
				MTL_ENABLE_DEBUG_INFO = INCLUDE_SOURCE;
				MTL_FAST_MATH = YES;
				ONLY_ACTIVE_ARCH = YES;
				SDKROOT = iphoneos;
				SWIFT_ACTIVE_COMPILATION_CONDITIONS = DEBUG;
				SWIFT_OPTIMIZATION_LEVEL = "-Onone";
			};
			name = Debug;
		};
		439B83E222B1207B008FF7B4 /* Release */ = {
			isa = XCBuildConfiguration;
			buildSettings = {
				ALWAYS_SEARCH_USER_PATHS = NO;
				CLANG_ANALYZER_NONNULL = YES;
				CLANG_ANALYZER_NUMBER_OBJECT_CONVERSION = YES_AGGRESSIVE;
				CLANG_CXX_LANGUAGE_STANDARD = "gnu++14";
				CLANG_CXX_LIBRARY = "libc++";
				CLANG_ENABLE_MODULES = YES;
				CLANG_ENABLE_OBJC_ARC = YES;
				CLANG_ENABLE_OBJC_WEAK = YES;
				CLANG_WARN_BLOCK_CAPTURE_AUTORELEASING = YES;
				CLANG_WARN_BOOL_CONVERSION = YES;
				CLANG_WARN_COMMA = YES;
				CLANG_WARN_CONSTANT_CONVERSION = YES;
				CLANG_WARN_DEPRECATED_OBJC_IMPLEMENTATIONS = YES;
				CLANG_WARN_DIRECT_OBJC_ISA_USAGE = YES_ERROR;
				CLANG_WARN_DOCUMENTATION_COMMENTS = YES;
				CLANG_WARN_EMPTY_BODY = YES;
				CLANG_WARN_ENUM_CONVERSION = YES;
				CLANG_WARN_INFINITE_RECURSION = YES;
				CLANG_WARN_INT_CONVERSION = YES;
				CLANG_WARN_NON_LITERAL_NULL_CONVERSION = YES;
				CLANG_WARN_OBJC_IMPLICIT_RETAIN_SELF = YES;
				CLANG_WARN_OBJC_LITERAL_CONVERSION = YES;
				CLANG_WARN_OBJC_ROOT_CLASS = YES_ERROR;
				CLANG_WARN_RANGE_LOOP_ANALYSIS = YES;
				CLANG_WARN_STRICT_PROTOTYPES = YES;
				CLANG_WARN_SUSPICIOUS_MOVE = YES;
				CLANG_WARN_UNGUARDED_AVAILABILITY = YES_AGGRESSIVE;
				CLANG_WARN_UNREACHABLE_CODE = YES;
				CLANG_WARN__DUPLICATE_METHOD_MATCH = YES;
				CODE_SIGN_IDENTITY = "iPhone Developer";
				COPY_PHASE_STRIP = NO;
				DEBUG_INFORMATION_FORMAT = "dwarf-with-dsym";
				ENABLE_NS_ASSERTIONS = NO;
				ENABLE_STRICT_OBJC_MSGSEND = YES;
				GCC_C_LANGUAGE_STANDARD = gnu11;
				GCC_NO_COMMON_BLOCKS = YES;
				GCC_WARN_64_TO_32_BIT_CONVERSION = YES;
				GCC_WARN_ABOUT_RETURN_TYPE = YES_ERROR;
				GCC_WARN_UNDECLARED_SELECTOR = YES;
				GCC_WARN_UNINITIALIZED_AUTOS = YES_AGGRESSIVE;
				GCC_WARN_UNUSED_FUNCTION = YES;
				GCC_WARN_UNUSED_VARIABLE = YES;
				IPHONEOS_DEPLOYMENT_TARGET = 12.1;
				MTL_ENABLE_DEBUG_INFO = NO;
				MTL_FAST_MATH = YES;
				SDKROOT = iphoneos;
				SWIFT_COMPILATION_MODE = wholemodule;
				SWIFT_OPTIMIZATION_LEVEL = "-O";
				VALIDATE_PRODUCT = YES;
			};
			name = Release;
		};
		439B83E422B1207B008FF7B4 /* Debug */ = {
			isa = XCBuildConfiguration;
			buildSettings = {
				ASSETCATALOG_COMPILER_APPICON_NAME = AppIcon;
				CODE_SIGN_STYLE = Automatic;
				INFOPLIST_FILE = e/Info.plist;
				LD_RUNPATH_SEARCH_PATHS = (
					"$(inherited)",
					"@executable_path/Frameworks",
				);
				PRODUCT_BUNDLE_IDENTIFIER = d.e;
				PRODUCT_NAME = "$(TARGET_NAME)";
				SWIFT_VERSION = 4.2;
				TARGETED_DEVICE_FAMILY = "1,2";
			};
			name = Debug;
		};
		439B83E522B1207B008FF7B4 /* Release */ = {
			isa = XCBuildConfiguration;
			buildSettings = {
				ASSETCATALOG_COMPILER_APPICON_NAME = AppIcon;
				CODE_SIGN_STYLE = Automatic;
				INFOPLIST_FILE = e/Info.plist;
				LD_RUNPATH_SEARCH_PATHS = (
					"$(inherited)",
					"@executable_path/Frameworks",
				);
				PRODUCT_BUNDLE_IDENTIFIER = d.e;
				PRODUCT_NAME = "$(TARGET_NAME)";
				SWIFT_VERSION = 4.2;
				TARGETED_DEVICE_FAMILY = "1,2";
			};
			name = Release;
		};
		439B83E722B1207B008FF7B4 /* Debug */ = {
			isa = XCBuildConfiguration;
			buildSettings = {
				ALWAYS_EMBED_SWIFT_STANDARD_LIBRARIES = YES;
				BUNDLE_LOADER = "$(TEST_HOST)";
				CODE_SIGN_STYLE = Automatic;
				INFOPLIST_FILE = eTests/Info.plist;
				LD_RUNPATH_SEARCH_PATHS = (
					"$(inherited)",
					"@executable_path/Frameworks",
					"@loader_path/Frameworks",
				);
				PRODUCT_BUNDLE_IDENTIFIER = d.eTests;
				PRODUCT_NAME = "$(TARGET_NAME)";
				SWIFT_VERSION = 4.2;
				TARGETED_DEVICE_FAMILY = "1,2";
				TEST_HOST = "$(BUILT_PRODUCTS_DIR)/e.app/e";
			};
			name = Debug;
		};
		439B83E822B1207B008FF7B4 /* Release */ = {
			isa = XCBuildConfiguration;
			buildSettings = {
				ALWAYS_EMBED_SWIFT_STANDARD_LIBRARIES = YES;
				BUNDLE_LOADER = "$(TEST_HOST)";
				CODE_SIGN_STYLE = Automatic;
				INFOPLIST_FILE = eTests/Info.plist;
				LD_RUNPATH_SEARCH_PATHS = (
					"$(inherited)",
					"@executable_path/Frameworks",
					"@loader_path/Frameworks",
				);
				PRODUCT_BUNDLE_IDENTIFIER = d.eTests;
				PRODUCT_NAME = "$(TARGET_NAME)";
				SWIFT_VERSION = 4.2;
				TARGETED_DEVICE_FAMILY = "1,2";
				TEST_HOST = "$(BUILT_PRODUCTS_DIR)/e.app/e";
			};
			name = Release;
		};
		439B83EA22B1207B008FF7B4 /* Debug */ = {
			isa = XCBuildConfiguration;
			buildSettings = {
				ALWAYS_EMBED_SWIFT_STANDARD_LIBRARIES = YES;
				CODE_SIGN_STYLE = Automatic;
				INFOPLIST_FILE = eUITests/Info.plist;
				LD_RUNPATH_SEARCH_PATHS = (
					"$(inherited)",
					"@executable_path/Frameworks",
					"@loader_path/Frameworks",
				);
				PRODUCT_BUNDLE_IDENTIFIER = d.eUITests;
				PRODUCT_NAME = "$(TARGET_NAME)";
				SWIFT_VERSION = 4.2;
				TARGETED_DEVICE_FAMILY = "1,2";
				TEST_TARGET_NAME = e;
			};
			name = Debug;
		};
		439B83EB22B1207B008FF7B4 /* Release */ = {
			isa = XCBuildConfiguration;
			buildSettings = {
				ALWAYS_EMBED_SWIFT_STANDARD_LIBRARIES = YES;
				CODE_SIGN_STYLE = Automatic;
				INFOPLIST_FILE = eUITests/Info.plist;
				LD_RUNPATH_SEARCH_PATHS = (
					"$(inherited)",
					"@executable_path/Frameworks",
					"@loader_path/Frameworks",
				);
				PRODUCT_BUNDLE_IDENTIFIER = d.eUITests;
				PRODUCT_NAME = "$(TARGET_NAME)";
				SWIFT_VERSION = 4.2;
				TARGETED_DEVICE_FAMILY = "1,2";
				TEST_TARGET_NAME = e;
			};
			name = Release;
		};
/* End XCBuildConfiguration section */

/* Begin XCConfigurationList section */
		439B83B422B12079008FF7B4 /* Build configuration list for PBXProject "e" */ = {
			isa = XCConfigurationList;
			buildConfigurations = (
				439B83E122B1207B008FF7B4 /* Debug */,
				439B83E222B1207B008FF7B4 /* Release */,
			);
			defaultConfigurationIsVisible = 0;
			defaultConfigurationName = Release;
		};
		439B83E322B1207B008FF7B4 /* Build configuration list for PBXNativeTarget "e" */ = {
			isa = XCConfigurationList;
			buildConfigurations = (
				439B83E422B1207B008FF7B4 /* Debug */,
				439B83E522B1207B008FF7B4 /* Release */,
			);
			defaultConfigurationIsVisible = 0;
			defaultConfigurationName = Release;
		};
		439B83E622B1207B008FF7B4 /* Build configuration list for PBXNativeTarget "eTests" */ = {
			isa = XCConfigurationList;
			buildConfigurations = (
				439B83E722B1207B008FF7B4 /* Debug */,
				439B83E822B1207B008FF7B4 /* Release */,
			);
			defaultConfigurationIsVisible = 0;
			defaultConfigurationName = Release;
		};
		439B83E922B1207B008FF7B4 /* Build configuration list for PBXNativeTarget "eUITests" */ = {
			isa = XCConfigurationList;
			buildConfigurations = (
				439B83EA22B1207B008FF7B4 /* Debug */,
				439B83EB22B1207B008FF7B4 /* Release */,
			);
			defaultConfigurationIsVisible = 0;
			defaultConfigurationName = Release;
		};
/* End XCConfigurationList section */
	};
	rootObject = 439B83B122B12079008FF7B4 /* Project object */;
}
